{
  "name": "gomap-traffic-signs-build",
  "lockfileVersion": 3,
  "requires": true,
  "packages": {
    "": {
      "name": "gomap-traffic-signs-build",
      "dependencies": {
        "@osm-traffic-signs/converter": "^0.5.1"
      }
    },
    "node_modules/@osm-traffic-signs/converter": {
      "version": "0.5.1",
      "resolved": "https://registry.npmjs.org/@osm-traffic-signs/converter/-/converter-0.5.1.tgz",
      "integrity": "sha512-xS04RHn2717XF/3A/uZKIvmqjO37ye2gcs2i9W5PaBMEea7frAdp+F6s9tO0xXnI2ER7pStc5bvrI/Y51UBBHg==",
      "license": "AGPL-3.0-or-later",
      "dependencies": {
        "opening_hours": "^3.12.0"
      }
    },
    "node_modules/i18next": {
      "version": "26.3.1",
      "resolved": "https://registry.npmjs.org/i18next/-/i18next-26.3.1.tgz",
      "integrity": "sha512-txQqd5EULsqEh9OJqRH15aCaOuy/nLJyhw5EHCSKLKJE1aBbb3Zve2+uQIxgWhPm1QqUQoWyQBm2kfmmIrzkcQ==",
      "funding": [
        {
          "type": "individual",
          "url": "https://www.locize.com/i18next"
        },
        {
          "type": "individual",
          "url": "https://www.i18next.com/how-to/faq#i18next-is-awesome.-how-can-i-support-the-project"
        },
        {
          "type": "individual",
          "url": "https://www.locize.com"
        }
      ],
      "license": "MIT",
      "peerDependencies": {
        "typescript": "^5 || ^6"
      },
      "peerDependenciesMeta": {
        "typescript": {
          "optional": true
        }
      }
    },
    "node_modules/opening_hours": {
      "version": "3.13.0",
      "resolved": "https://registry.npmjs.org/opening_hours/-/opening_hours-3.13.0.tgz",
      "integrity": "sha512-yQxRzM+ggFvmgML53tcnI3Ugy/OCt4HgyYeTryD2tgahfcjDNSgrU2wTs1ccNhA2ytatNUwKDJcLi2u54nT2Bg==",
      "license": "LGPL-3.0-only",
      "dependencies": {
        "i18next": "^26.1.0",
        "suncalc": "^1.9.0"
      },
      "engines": {
        "node": ">=12"
      }
    },
    "node_modules/suncalc": {
      "version": "1.9.0",
      "resolved": "https://registry.npmjs.org/suncalc/-/suncalc-1.9.0.tgz",
      "integrity": "sha512-vMJ8Byp1uIPoj+wb9c1AdK4jpkSKVAywgHX0lqY7zt6+EWRRC3Z+0Ucfjy/0yxTVO1hwwchZe4uoFNqrIC24+A=="
    }
  }
}
