{
  "name": "gomap-traffic-signs-build",
  "lockfileVersion": 3,
  "requires": true,
  "packages": {
    "": {
      "name": "gomap-traffic-signs-build",
      "dependencies": {
        "@osm-traffic-signs/converter": "^0.4.0"
      }
    },
    "node_modules/@osm-traffic-signs/converter": {
      "version": "0.4.0",
      "resolved": "https://registry.npmjs.org/@osm-traffic-signs/converter/-/converter-0.4.0.tgz",
      "integrity": "sha512-HtImZm0SK2bPv1ijottOssiyrkFWhKQG5Ri85xO1IjwumS8s49fj6qQ10gIYyk5gic1qxD+4sIzGdMdJ6n4Iqg==",
      "hasInstallScript": true,
      "license": "AGPL-3.0-or-later"
    }
  }
}
